// !$*UTF8*$!
{
	archiveVersion = 1;
	classes = {
	};
	objectVersion = 50;
	objects = {

/* Begin PBXBuildFile section */
		854EC7C4227646EF009C5317 /* AppDelegate.swift in Sources */ = {isa = PBXBuildFile; fileRef = 854EC7C3227646EF009C5317 /* AppDelegate.swift */; };
		854EC7C6227646EF009C5317 /* ViewController.swift in Sources */ = {isa = PBXBuildFile; fileRef = 854EC7C5227646EF009C5317 /* ViewController.swift */; };
		854EC7C9227646EF009C5317 /* Main.storyboard in Resources */ = {isa = PBXBuildFile; fileRef = 854EC7C7227646EF009C5317 /* Main.storyboard */; };
		854EC7CB227646F2009C5317 /* Assets.xcassets in Resources */ = {isa = PBXBuildFile; fileRef = 854EC7CA227646F2009C5317 /* Assets.xcassets */; };
		854EC7CE227646F2009C5317 /* LaunchScreen.storyboard in Resources */ = {isa = PBXBuildFile; fileRef = 854EC7CC227646F2009C5317 /* LaunchScreen.storyboard */; };
		854EC7D9227646F2009C5317 /* hello_worldTests.swift in Sources */ = {isa = PBXBuildFile; fileRef = 854EC7D8227646F2009C5317 /* hello_worldTests.swift */; };
		854EC7E4227646F2009C5317 /* hello_worldUITests.swift in Sources */ = {isa = PBXBuildFile; fileRef = 854EC7E3227646F2009C5317 /* hello_worldUITests.swift */; };
/* End PBXBuildFile section */

/* Begin PBXContainerItemProxy section */
		854EC7D5227646F2009C5317 /* PBXContainerItemProxy */ = {
			isa = PBXContainerItemProxy;
			containerPortal = 854EC7B8227646EF009C5317 /* Project object */;
			proxyType = 1;
			remoteGlobalIDString = 854EC7BF227646EF009C5317;
			remoteInfo = "hello-world";
		};
		854EC7E0227646F2009C5317 /* PBXContainerItemProxy */ = {
			isa = PBXContainerItemProxy;
			containerPortal = 854EC7B8227646EF009C5317 /* Project object */;
			proxyType = 1;
			remoteGlobalIDString = 854EC7BF227646EF009C5317;
			remoteInfo = "hello-world";
		};
/* End PBXContainerItemProxy section */

/* Begin PBXFileReference section */
		854EC7C0227646EF009C5317 /* hello-world.app */ = {isa = PBXFileReference; explicitFileType = wrapper.application; includeInIndex = 0; path = "hello-world.app"; sourceTree = BUILT_PRODUCTS_DIR; };
		854EC7C3227646EF009C5317 /* AppDelegate.swift */ = {isa = PBXFileReference; lastKnownFileType = sourcecode.swift; path = AppDelegate.swift; sourceTree = "<group>"; };
		854EC7C5227646EF009C5317 /* ViewController.swift */ = {isa = PBXFileReference; lastKnownFileType = sourcecode.swift; path = ViewController.swift; sourceTree = "<group>"; };
		854EC7C8227646EF009C5317 /* Base */ = {isa = PBXFileReference; lastKnownFileType = file.storyboard; name = Base; path = Base.lproj/Main.storyboard; sourceTree = "<group>"; };
		854EC7CA227646F2009C5317 /* Assets.xcassets */ = {isa = PBXFileReference; lastKnownFileType = folder.assetcatalog; path = Assets.xcassets; sourceTree = "<group>"; };
		854EC7CD227646F2009C5317 /* Base */ = {isa = PBXFileReference; lastKnownFileType = file.storyboard; name = Base; path = Base.lproj/LaunchScreen.storyboard; sourceTree = "<group>"; };
		854EC7CF227646F2009C5317 /* Info.plist */ = {isa = PBXFileReference; lastKnownFileType = text.plist.xml; path = Info.plist; sourceTree = "<group>"; };
		854EC7D4227646F2009C5317 /* hello-worldTests.xctest */ = {isa = PBXFileReference; explicitFileType = wrapper.cfbundle; includeInIndex = 0; path = "hello-worldTests.xctest"; sourceTree = BUILT_PRODUCTS_DIR; };
		854EC7D8227646F2009C5317 /* hello_worldTests.swift */ = {isa = PBXFileReference; lastKnownFileType = sourcecode.swift; path = hello_worldTests.swift; sourceTree = "<group>"; };
		854EC7DA227646F2009C5317 /* Info.plist */ = {isa = PBXFileReference; lastKnownFileType = text.plist.xml; path = Info.plist; sourceTree = "<group>"; };
		854EC7DF227646F2009C5317 /* hello-worldUITests.xctest */ = {isa = PBXFileReference; explicitFileType = wrapper.cfbundle; includeInIndex = 0; path = "hello-worldUITests.xctest"; sourceTree = BUILT_PRODUCTS_DIR; };
		854EC7E3227646F2009C5317 /* hello_worldUITests.swift */ = {isa = PBXFileReference; lastKnownFileType = sourcecode.swift; path = hello_worldUITests.swift; sourceTree = "<group>"; };
		854EC7E5227646F2009C5317 /* Info.plist */ = {isa = PBXFileReference; lastKnownFileType = text.plist.xml; path = Info.plist; sourceTree = "<group>"; };
/* End PBXFileReference section */

/* Begin PBXFrameworksBuildPhase section */
		854EC7BD227646EF009C5317 /* Frameworks */ = {
			isa = PBXFrameworksBuildPhase;
			buildActionMask = 2147483647;
			files = (
			);
			runOnlyForDeploymentPostprocessing = 0;
		};
		854EC7D1227646F2009C5317 /* Frameworks */ = {
			isa = PBXFrameworksBuildPhase;
			buildActionMask = 2147483647;
			files = (
			);
			runOnlyForDeploymentPostprocessing = 0;
		};
		854EC7DC227646F2009C5317 /* Frameworks */ = {
			isa = PBXFrameworksBuildPhase;
			buildActionMask = 2147483647;
			files = (
			);
			runOnlyForDeploymentPostprocessing = 0;
		};
/* End PBXFrameworksBuildPhase section */

/* Begin PBXGroup section */
		854EC7B7227646EF009C5317 = {
			isa = PBXGroup;
			children = (
				854EC7C2227646EF009C5317 /* hello-world */,
				854EC7D7227646F2009C5317 /* hello-worldTests */,
				854EC7E2227646F2009C5317 /* hello-worldUITests */,
				854EC7C1227646EF009C5317 /* Products */,
			);
			sourceTree = "<group>";
		};
		854EC7C1227646EF009C5317 /* Products */ = {
			isa = PBXGroup;
			children = (
				854EC7C0227646EF009C5317 /* hello-world.app */,
				854EC7D4227646F2009C5317 /* hello-worldTests.xctest */,
				854EC7DF227646F2009C5317 /* hello-worldUITests.xctest */,
			);
			name = Products;
			sourceTree = "<group>";
		};
		854EC7C2227646EF009C5317 /* hello-world */ = {
			isa = PBXGroup;
			children = (
				854EC7C3227646EF009C5317 /* AppDelegate.swift */,
				854EC7C5227646EF009C5317 /* ViewController.swift */,
				854EC7C7227646EF009C5317 /* Main.storyboard */,
				854EC7CA227646F2009C5317 /* Assets.xcassets */,
				854EC7CC227646F2009C5317 /* LaunchScreen.storyboard */,
				854EC7CF227646F2009C5317 /* Info.plist */,
			);
			path = "hello-world";
			sourceTree = "<group>";
		};
		854EC7D7227646F2009C5317 /* hello-worldTests */ = {
			isa = PBXGroup;
			children = (
				854EC7D8227646F2009C5317 /* hello_worldTests.swift */,
				854EC7DA227646F2009C5317 /* Info.plist */,
			);
			path = "hello-worldTests";
			sourceTree = "<group>";
		};
		854EC7E2227646F2009C5317 /* hello-worldUITests */ = {
			isa = PBXGroup;
			children = (
				854EC7E3227646F2009C5317 /* hello_worldUITests.swift */,
				854EC7E5227646F2009C5317 /* Info.plist */,
			);
			path = "hello-worldUITests";
			sourceTree = "<group>";
		};
/* End PBXGroup section */

/* Begin PBXNativeTarget section */
		854EC7BF227646EF009C5317 /* hello-world */ = {
			isa = PBXNativeTarget;
			buildConfigurationList = 854EC7E8227646F2009C5317 /* Build configuration list for PBXNativeTarget "hello-world" */;
			buildPhases = (
				854EC7BC227646EF009C5317 /* Sources */,
				854EC7BD227646EF009C5317 /* Frameworks */,
				854EC7BE227646EF009C5317 /* Resources */,
			);
			buildRules = (
			);
			dependencies = (
			);
			name = "hello-world";
			productName = "hello-world";
			productReference = 854EC7C0227646EF009C5317 /* hello-world.app */;
			productType = "com.apple.product-type.application";
		};
		854EC7D3227646F2009C5317 /* hello-worldTests */ = {
			isa = PBXNativeTarget;
			buildConfigurationList = 854EC7EB227646F2009C5317 /* Build configuration list for PBXNativeTarget "hello-worldTests" */;
			buildPhases = (
				854EC7D0227646F2009C5317 /* Sources */,
				854EC7D1227646F2009C5317 /* Frameworks */,
				854EC7D2227646F2009C5317 /* Resources */,
			);
			buildRules = (
			);
			dependencies = (
				854EC7D6227646F2009C5317 /* PBXTargetDependency */,
			);
			name = "hello-worldTests";
			productName = "hello-worldTests";
			productReference = 854EC7D4227646F2009C5317 /* hello-worldTests.xctest */;
			productType = "com.apple.product-type.bundle.unit-test";
		};
		854EC7DE227646F2009C5317 /* hello-worldUITests */ = {
			isa = PBXNativeTarget;
			buildConfigurationList = 854EC7EE227646F2009C5317 /* Build configuration list for PBXNativeTarget "hello-worldUITests" */;
			buildPhases = (
				854EC7DB227646F2009C5317 /* Sources */,
				854EC7DC227646F2009C5317 /* Frameworks */,
				854EC7DD227646F2009C5317 /* Resources */,
			);
			buildRules = (
			);
			dependencies = (
				854EC7E1227646F2009C5317 /* PBXTargetDependency */,
			);
			name = "hello-worldUITests";
			productName = "hello-worldUITests";
			productReference = 854EC7DF227646F2009C5317 /* hello-worldUITests.xctest */;
			productType = "com.apple.product-type.bundle.ui-testing";
		};
/* End PBXNativeTarget section */

/* Begin PBXProject section */
		854EC7B8227646EF009C5317 /* Project object */ = {
			isa = PBXProject;
			attributes = {
				LastSwiftUpdateCheck = 1020;
				LastUpgradeCheck = 1020;
				ORGANIZATIONNAME = "Brandon Sugarman";
				TargetAttributes = {
					854EC7BF227646EF009C5317 = {
						CreatedOnToolsVersion = 10.2.1;
					};
					854EC7D3227646F2009C5317 = {
						CreatedOnToolsVersion = 10.2.1;
						TestTargetID = 854EC7BF227646EF009C5317;
					};
					854EC7DE227646F2009C5317 = {
						CreatedOnToolsVersion = 10.2.1;
						TestTargetID = 854EC7BF227646EF009C5317;
					};
				};
			};
			buildConfigurationList = 854EC7BB227646EF009C5317 /* Build configuration list for PBXProject "hello-world" */;
			compatibilityVersion = "Xcode 9.3";
			developmentRegion = en;
			hasScannedForEncodings = 0;
			knownRegions = (
				en,
				Base,
			);
			mainGroup = 854EC7B7227646EF009C5317;
			productRefGroup = 854EC7C1227646EF009C5317 /* Products */;
			projectDirPath = "";
			projectRoot = "";
			targets = (
				854EC7BF227646EF009C5317 /* hello-world */,
				854EC7D3227646F2009C5317 /* hello-worldTests */,
				854EC7DE227646F2009C5317 /* hello-worldUITests */,
			);
		};
/* End PBXProject section */

/* Begin PBXResourcesBuildPhase section */
		854EC7BE227646EF009C5317 /* Resources */ = {
			isa = PBXResourcesBuildPhase;
			buildActionMask = 2147483647;
			files = (
				854EC7CE227646F2009C5317 /* LaunchScreen.storyboard in Resources */,
				854EC7CB227646F2009C5317 /* Assets.xcassets in Resources */,
				854EC7C9227646EF009C5317 /* Main.storyboard in Resources */,
			);
			runOnlyForDeploymentPostprocessing = 0;
		};
		854EC7D2227646F2009C5317 /* Resources */ = {
			isa = PBXResourcesBuildPhase;
			buildActionMask = 2147483647;
			files = (
			);
			runOnlyForDeploymentPostprocessing = 0;
		};
		854EC7DD227646F2009C5317 /* Resources */ = {
			isa = PBXResourcesBuildPhase;
			buildActionMask = 2147483647;
			files = (
			);
			runOnlyForDeploymentPostprocessing = 0;
		};
/* End PBXResourcesBuildPhase section */

/* Begin PBXSourcesBuildPhase section */
		854EC7BC227646EF009C5317 /* Sources */ = {
			isa = PBXSourcesBuildPhase;
			buildActionMask = 2147483647;
			files = (
				854EC7C6227646EF009C5317 /* ViewController.swift in Sources */,
				854EC7C4227646EF009C5317 /* AppDelegate.swift in Sources */,
			);
			runOnlyForDeploymentPostprocessing = 0;
		};
		854EC7D0227646F2009C5317 /* Sources */ = {
			isa = PBXSourcesBuildPhase;
			buildActionMask = 2147483647;
			files = (
				854EC7D9227646F2009C5317 /* hello_worldTests.swift in Sources */,
			);
			runOnlyForDeploymentPostprocessing = 0;
		};
		854EC7DB227646F2009C5317 /* Sources */ = {
			isa = PBXSourcesBuildPhase;
			buildActionMask = 2147483647;
			files = (
				854EC7E4227646F2009C5317 /* hello_worldUITests.swift in Sources */,
			);
			runOnlyForDeploymentPostprocessing = 0;
		};
/* End PBXSourcesBuildPhase section */

/* Begin PBXTargetDependency section */
		854EC7D6227646F2009C5317 /* PBXTargetDependency */ = {
			isa = PBXTargetDependency;
			target = 854EC7BF227646EF009C5317 /* hello-world */;
			targetProxy = 854EC7D5227646F2009C5317 /* PBXContainerItemProxy */;
		};
		854EC7E1227646F2009C5317 /* PBXTargetDependency */ = {
			isa = PBXTargetDependency;
			target = 854EC7BF227646EF009C5317 /* hello-world */;
			targetProxy = 854EC7E0227646F2009C5317 /* PBXContainerItemProxy */;
		};
/* End PBXTargetDependency section */

/* Begin PBXVariantGroup section */
		854EC7C7227646EF009C5317 /* Main.storyboard */ = {
			isa = PBXVariantGroup;
			children = (
				854EC7C8227646EF009C5317 /* Base */,
			);
			name = Main.storyboard;
			sourceTree = "<group>";
		};
		854EC7CC227646F2009C5317 /* LaunchScreen.storyboard */ = {
			isa = PBXVariantGroup;
			children = (
				854EC7CD227646F2009C5317 /* Base */,
			);
			name = LaunchScreen.storyboard;
			sourceTree = "<group>";
		};
/* End PBXVariantGroup section */

/* Begin XCBuildConfiguration section */
		854EC7E6227646F2009C5317 /* Debug */ = {
			isa = XCBuildConfiguration;
			buildSettings = {
				ALWAYS_SEARCH_USER_PATHS = NO;
				CLANG_ANALYZER_NONNULL = YES;
				CLANG_ANALYZER_NUMBER_OBJECT_CONVERSION = YES_AGGRESSIVE;
				CLANG_CXX_LANGUAGE_STANDARD = "gnu++14";
				CLANG_CXX_LIBRARY = "libc++";
				CLANG_ENABLE_MODULES = YES;
				CLANG_ENABLE_OBJC_ARC = YES;
				CLANG_ENABLE_OBJC_WEAK = YES;
				CLANG_WARN_BLOCK_CAPTURE_AUTORELEASING = YES;
				CLANG_WARN_BOOL_CONVERSION = YES;
				CLANG_WARN_COMMA = YES;
				CLANG_WARN_CONSTANT_CONVERSION = YES;
				CLANG_WARN_DEPRECATED_OBJC_IMPLEMENTATIONS = YES;
				CLANG_WARN_DIRECT_OBJC_ISA_USAGE = YES_ERROR;
				CLANG_WARN_DOCUMENTATION_COMMENTS = YES;
				CLANG_WARN_EMPTY_BODY = YES;
				CLANG_WARN_ENUM_CONVERSION = YES;
				CLANG_WARN_INFINITE_RECURSION = YES;
				CLANG_WARN_INT_CONVERSION = YES;
				CLANG_WARN_NON_LITERAL_NULL_CONVERSION = YES;
				CLANG_WARN_OBJC_IMPLICIT_RETAIN_SELF = YES;
				CLANG_WARN_OBJC_LITERAL_CONVERSION = YES;
				CLANG_WARN_OBJC_ROOT_CLASS = YES_ERROR;
				CLANG_WARN_RANGE_LOOP_ANALYSIS = YES;
				CLANG_WARN_STRICT_PROTOTYPES = YES;
				CLANG_WARN_SUSPICIOUS_MOVE = YES;
				CLANG_WARN_UNGUARDED_AVAILABILITY = YES_AGGRESSIVE;
				CLANG_WARN_UNREACHABLE_CODE = YES;
				CLANG_WARN__DUPLICATE_METHOD_MATCH = YES;
				CODE_SIGN_IDENTITY = "iPhone Developer";
				COPY_PHASE_STRIP = NO;
				DEBUG_INFORMATION_FORMAT = dwarf;
				ENABLE_STRICT_OBJC_MSGSEND = YES;
				ENABLE_TESTABILITY = YES;
				GCC_C_LANGUAGE_STANDARD = gnu11;
				GCC_DYNAMIC_NO_PIC = NO;
				GCC_NO_COMMON_BLOCKS = YES;
				GCC_OPTIMIZATION_LEVEL = 0;
				GCC_PREPROCESSOR_DEFINITIONS = (
					"DEBUG=1",
					"$(inherited)",
				);
				GCC_WARN_64_TO_32_BIT_CONVERSION = YES;
				GCC_WARN_ABOUT_RETURN_TYPE = YES_ERROR;
				GCC_WARN_UNDECLARED_SELECTOR = YES;
				GCC_WARN_UNINITIALIZED_AUTOS = YES_AGGRESSIVE;
				GCC_WARN_UNUSED_FUNCTION = YES;
				GCC_WARN_UNUSED_VARIABLE = YES;
				IPHONEOS_DEPLOYMENT_TARGET = 12.2;
				MTL_ENABLE_DEBUG_INFO = INCLUDE_SOURCE;
				MTL_FAST_MATH = YES;
				ONLY_ACTIVE_ARCH = YES;
				SDKROOT = iphoneos;
				SWIFT_ACTIVE_COMPILATION_CONDITIONS = DEBUG;
				SWIFT_OPTIMIZATION_LEVEL = "-Onone";
			};
			name = Debug;
		};
		854EC7E7227646F2009C5317 /* Release */ = {
			isa = XCBuildConfiguration;
			buildSettings = {
				ALWAYS_SEARCH_USER_PATHS = NO;
				CLANG_ANALYZER_NONNULL = YES;
				CLANG_ANALYZER_NUMBER_OBJECT_CONVERSION = YES_AGGRESSIVE;
				CLANG_CXX_LANGUAGE_STANDARD = "gnu++14";
				CLANG_CXX_LIBRARY = "libc++";
				CLANG_ENABLE_MODULES = YES;
				CLANG_ENABLE_OBJC_ARC = YES;
				CLANG_ENABLE_OBJC_WEAK = YES;
				CLANG_WARN_BLOCK_CAPTURE_AUTORELEASING = YES;
				CLANG_WARN_BOOL_CONVERSION = YES;
				CLANG_WARN_COMMA = YES;
				CLANG_WARN_CONSTANT_CONVERSION = YES;
				CLANG_WARN_DEPRECATED_OBJC_IMPLEMENTATIONS = YES;
				CLANG_WARN_DIRECT_OBJC_ISA_USAGE = YES_ERROR;
				CLANG_WARN_DOCUMENTATION_COMMENTS = YES;
				CLANG_WARN_EMPTY_BODY = YES;
				CLANG_WARN_ENUM_CONVERSION = YES;
				CLANG_WARN_INFINITE_RECURSION = YES;
				CLANG_WARN_INT_CONVERSION = YES;
				CLANG_WARN_NON_LITERAL_NULL_CONVERSION = YES;
				CLANG_WARN_OBJC_IMPLICIT_RETAIN_SELF = YES;
				CLANG_WARN_OBJC_LITERAL_CONVERSION = YES;
				CLANG_WARN_OBJC_ROOT_CLASS = YES_ERROR;
				CLANG_WARN_RANGE_LOOP_ANALYSIS = YES;
				CLANG_WARN_STRICT_PROTOTYPES = YES;
				CLANG_WARN_SUSPICIOUS_MOVE = YES;
				CLANG_WARN_UNGUARDED_AVAILABILITY = YES_AGGRESSIVE;
				CLANG_WARN_UNREACHABLE_CODE = YES;
				CLANG_WARN__DUPLICATE_METHOD_MATCH = YES;
				CODE_SIGN_IDENTITY = "iPhone Developer";
				COPY_PHASE_STRIP = NO;
				DEBUG_INFORMATION_FORMAT = "dwarf-with-dsym";
				ENABLE_NS_ASSERTIONS = NO;
				ENABLE_STRICT_OBJC_MSGSEND = YES;
				GCC_C_LANGUAGE_STANDARD = gnu11;
				GCC_NO_COMMON_BLOCKS = YES;
				GCC_WARN_64_TO_32_BIT_CONVERSION = YES;
				GCC_WARN_ABOUT_RETURN_TYPE = YES_ERROR;
				GCC_WARN_UNDECLARED_SELECTOR = YES;
				GCC_WARN_UNINITIALIZED_AUTOS = YES_AGGRESSIVE;
				GCC_WARN_UNUSED_FUNCTION = YES;
				GCC_WARN_UNUSED_VARIABLE = YES;
				IPHONEOS_DEPLOYMENT_TARGET = 12.2;
				MTL_ENABLE_DEBUG_INFO = NO;
				MTL_FAST_MATH = YES;
				SDKROOT = iphoneos;
				SWIFT_COMPILATION_MODE = wholemodule;
				SWIFT_OPTIMIZATION_LEVEL = "-O";
				VALIDATE_PRODUCT = YES;
			};
			name = Release;
		};
		854EC7E9227646F2009C5317 /* Debug */ = {
			isa = XCBuildConfiguration;
			buildSettings = {
				ASSETCATALOG_COMPILER_APPICON_NAME = AppIcon;
				CODE_SIGN_STYLE = Automatic;
				INFOPLIST_FILE = "hello-world/Info.plist";
				LD_RUNPATH_SEARCH_PATHS = (
					"$(inherited)",
					"@executable_path/Frameworks",
				);
				PRODUCT_BUNDLE_IDENTIFIER = "csr.hello-world";
				PRODUCT_NAME = "$(TARGET_NAME)";
				SWIFT_VERSION = 5.0;
				TARGETED_DEVICE_FAMILY = "1,2";
			};
			name = Debug;
		};
		854EC7EA227646F2009C5317 /* Release */ = {
			isa = XCBuildConfiguration;
			buildSettings = {
				ASSETCATALOG_COMPILER_APPICON_NAME = AppIcon;
				CODE_SIGN_STYLE = Automatic;
				INFOPLIST_FILE = "hello-world/Info.plist";
				LD_RUNPATH_SEARCH_PATHS = (
					"$(inherited)",
					"@executable_path/Frameworks",
				);
				PRODUCT_BUNDLE_IDENTIFIER = "csr.hello-world";
				PRODUCT_NAME = "$(TARGET_NAME)";
				SWIFT_VERSION = 5.0;
				TARGETED_DEVICE_FAMILY = "1,2";
			};
			name = Release;
		};
		854EC7EC227646F2009C5317 /* Debug */ = {
			isa = XCBuildConfiguration;
			buildSettings = {
				ALWAYS_EMBED_SWIFT_STANDARD_LIBRARIES = YES;
				BUNDLE_LOADER = "$(TEST_HOST)";
				CODE_SIGN_STYLE = Automatic;
				INFOPLIST_FILE = "hello-worldTests/Info.plist";
				LD_RUNPATH_SEARCH_PATHS = (
					"$(inherited)",
					"@executable_path/Frameworks",
					"@loader_path/Frameworks",
				);
				PRODUCT_BUNDLE_IDENTIFIER = "csr.hello-worldTests";
				PRODUCT_NAME = "$(TARGET_NAME)";
				SWIFT_VERSION = 5.0;
				TARGETED_DEVICE_FAMILY = "1,2";
				TEST_HOST = "$(BUILT_PRODUCTS_DIR)/hello-world.app/hello-world";
			};
			name = Debug;
		};
		854EC7ED227646F2009C5317 /* Release */ = {
			isa = XCBuildConfiguration;
			buildSettings = {
				ALWAYS_EMBED_SWIFT_STANDARD_LIBRARIES = YES;
				BUNDLE_LOADER = "$(TEST_HOST)";
				CODE_SIGN_STYLE = Automatic;
				INFOPLIST_FILE = "hello-worldTests/Info.plist";
				LD_RUNPATH_SEARCH_PATHS = (
					"$(inherited)",
					"@executable_path/Frameworks",
					"@loader_path/Frameworks",
				);
				PRODUCT_BUNDLE_IDENTIFIER = "csr.hello-worldTests";
				PRODUCT_NAME = "$(TARGET_NAME)";
				SWIFT_VERSION = 5.0;
				TARGETED_DEVICE_FAMILY = "1,2";
				TEST_HOST = "$(BUILT_PRODUCTS_DIR)/hello-world.app/hello-world";
			};
			name = Release;
		};
		854EC7EF227646F2009C5317 /* Debug */ = {
			isa = XCBuildConfiguration;
			buildSettings = {
				ALWAYS_EMBED_SWIFT_STANDARD_LIBRARIES = YES;
				CODE_SIGN_STYLE = Automatic;
				INFOPLIST_FILE = "hello-worldUITests/Info.plist";
				LD_RUNPATH_SEARCH_PATHS = (
					"$(inherited)",
					"@executable_path/Frameworks",
					"@loader_path/Frameworks",
				);
				PRODUCT_BUNDLE_IDENTIFIER = "csr.hello-worldUITests";
				PRODUCT_NAME = "$(TARGET_NAME)";
				SWIFT_VERSION = 5.0;
				TARGETED_DEVICE_FAMILY = "1,2";
				TEST_TARGET_NAME = "hello-world";
			};
			name = Debug;
		};
		854EC7F0227646F2009C5317 /* Release */ = {
			isa = XCBuildConfiguration;
			buildSettings = {
				ALWAYS_EMBED_SWIFT_STANDARD_LIBRARIES = YES;
				CODE_SIGN_STYLE = Automatic;
				INFOPLIST_FILE = "hello-worldUITests/Info.plist";
				LD_RUNPATH_SEARCH_PATHS = (
					"$(inherited)",
					"@executable_path/Frameworks",
					"@loader_path/Frameworks",
				);
				PRODUCT_BUNDLE_IDENTIFIER = "csr.hello-worldUITests";
				PRODUCT_NAME = "$(TARGET_NAME)";
				SWIFT_VERSION = 5.0;
				TARGETED_DEVICE_FAMILY = "1,2";
				TEST_TARGET_NAME = "hello-world";
			};
			name = Release;
		};
/* End XCBuildConfiguration section */

/* Begin XCConfigurationList section */
		854EC7BB227646EF009C5317 /* Build configuration list for PBXProject "hello-world" */ = {
			isa = XCConfigurationList;
			buildConfigurations = (
				854EC7E6227646F2009C5317 /* Debug */,
				854EC7E7227646F2009C5317 /* Release */,
			);
			defaultConfigurationIsVisible = 0;
			defaultConfigurationName = Release;
		};
		854EC7E8227646F2009C5317 /* Build configuration list for PBXNativeTarget "hello-world" */ = {
			isa = XCConfigurationList;
			buildConfigurations = (
				854EC7E9227646F2009C5317 /* Debug */,
				854EC7EA227646F2009C5317 /* Release */,
			);
			defaultConfigurationIsVisible = 0;
			defaultConfigurationName = Release;
		};
		854EC7EB227646F2009C5317 /* Build configuration list for PBXNativeTarget "hello-worldTests" */ = {
			isa = XCConfigurationList;
			buildConfigurations = (
				854EC7EC227646F2009C5317 /* Debug */,
				854EC7ED227646F2009C5317 /* Release */,
			);
			defaultConfigurationIsVisible = 0;
			defaultConfigurationName = Release;
		};
		854EC7EE227646F2009C5317 /* Build configuration list for PBXNativeTarget "hello-worldUITests" */ = {
			isa = XCConfigurationList;
			buildConfigurations = (
				854EC7EF227646F2009C5317 /* Debug */,
				854EC7F0227646F2009C5317 /* Release */,
			);
			defaultConfigurationIsVisible = 0;
			defaultConfigurationName = Release;
		};
/* End XCConfigurationList section */
	};
	rootObject = 854EC7B8227646EF009C5317 /* Project object */;
}
